
Microsoft Visual Studio Solution File, Format Version 12.00
# Visual Studio 15
VisualStudioVersion = 15.0.28010.2016
MinimumVisualStudioVersion = 10.0.40219.1
Project("{FAE04EC0-301F-11D3-BF4B-00C04F79EFBC}") = "TalentAssignment", "TalentAssignment\TalentAssignment.csproj", "{AEE0A7EA-F184-4592-B05B-74CE222B92B9}"
EndProject
Global
	GlobalSection(SolutionConfigurationPlatforms) = preSolution
		Debug|Any CPU = Debug|Any CPU
		Release|Any CPU = Release|Any CPU
	EndGlobalSection
	GlobalSection(ProjectConfigurationPlatforms) = postSolution
		{AEE0A7EA-F184-4592-B05B-74CE222B92B9}.Debug|Any CPU.ActiveCfg = Debug|Any CPU
		{AEE0A7EA-F184-4592-B05B-74CE222B92B9}.Debug|Any CPU.Build.0 = Debug|Any CPU
		{AEE0A7EA-F184-4592-B05B-74CE222B92B9}.Release|Any CPU.ActiveCfg = Release|Any CPU
		{AEE0A7EA-F184-4592-B05B-74CE222B92B9}.Release|Any CPU.Build.0 = Release|Any CPU
	EndGlobalSection
	GlobalSection(SolutionProperties) = preSolution
		HideSolutionNode = FALSE
	EndGlobalSection
	GlobalSection(ExtensibilityGlobals) = postSolution
		SolutionGuid = {049F7041-1674-440C-A12D-6E082933A3E5}
	EndGlobalSection
EndGlobal
